
Microsoft Visual Studio Solution File, Format Version 12.00
# Visual Studio 2012
Project("{E24C65DC-7377-472B-9ABA-BC803B73C61A}") = "My_daak", ".", "{A2356110-6915-4852-801A-C0B3AE63D71D}"
	ProjectSection(WebsiteProperties) = preProject
		TargetFrameworkMoniker = ".NETFramework,Version%3Dv3.5"
		Debug.AspNetCompiler.VirtualPath = "/My_daak"
		Debug.AspNetCompiler.PhysicalPath = "..\My_daak\"
		Debug.AspNetCompiler.TargetPath = "PrecompiledWeb\My_daak\"
		Debug.AspNetCompiler.Updateable = "true"
		Debug.AspNetCompiler.ForceOverwrite = "true"
		Debug.AspNetCompiler.FixedNames = "false"
		Debug.AspNetCompiler.Debug = "True"
		Release.AspNetCompiler.VirtualPath = "/My_daak"
		Release.AspNetCompiler.PhysicalPath = "..\My_daak\"
		Release.AspNetCompiler.TargetPath = "PrecompiledWeb\My_daak\"
		Release.AspNetCompiler.Updateable = "true"
		Release.AspNetCompiler.ForceOverwrite = "true"
		Release.AspNetCompiler.FixedNames = "false"
		Release.AspNetCompiler.Debug = "False"
		VWDPort = "2674"
	EndProjectSection
EndProject
Global
	GlobalSection(SolutionConfigurationPlatforms) = preSolution
		Debug|Any CPU = Debug|Any CPU
	EndGlobalSection
	GlobalSection(ProjectConfigurationPlatforms) = postSolution
		{A2356110-6915-4852-801A-C0B3AE63D71D}.Debug|Any CPU.ActiveCfg = Debug|Any CPU
		{A2356110-6915-4852-801A-C0B3AE63D71D}.Debug|Any CPU.Build.0 = Debug|Any CPU
	EndGlobalSection
	GlobalSection(SolutionProperties) = preSolution
		HideSolutionNode = FALSE
	EndGlobalSection
EndGlobal
